{
    "_readme": [
        "This file locks the dependencies of your project to a known state",
        "Read more about it at https://getcomposer.org/doc/01-basic-usage.md#composer-lock-the-lock-file",
        "This file is @generated automatically"
    ],
    "content-hash": "9384fe3dd1a1e86b199155cf36993817",
    "packages": [
        {
            "name": "doctrine/cache",
            "version": "v1.6.1",
            "source": {
                "type": "git",
                "url": "https://github.com/doctrine/cache.git",
                "reference": "b6f544a20f4807e81f7044d31e679ccbb1866dc3"
            },
            "dist": {
                "type": "zip",
                "url": "https://files.phpcomposer.com/files/doctrine/cache/b6f544a20f4807e81f7044d31e679ccbb1866dc3.zip",
                "reference": "b6f544a20f4807e81f7044d31e679ccbb1866dc3",
                "shasum": ""
            },
            "require": {
                "php": "~5.5|~7.0"
            },
            "conflict": {
                "doctrine/common": ">2.2,<2.4"
            },
            "require-dev": {
                "phpunit/phpunit": "~4.8|~5.0",
                "predis/predis": "~1.0",
                "satooshi/php-coveralls": "~0.6"
            },
            "type": "library",
            "extra": {
                "branch-alias": {
                    "dev-master": "1.6.x-dev"
                }
            },
            "autoload": {
                "psr-4": {
                    "Doctrine\\Common\\Cache\\": "lib/Doctrine/Common/Cache"
                }
            },
            "notification-url": "https://packagist.org/downloads/",
            "license": [
                "MIT"
            ],
            "authors": [
                {
                    "name": "Roman Borschel",
                    "email": "roman@code-factory.org"
                },
                {
                    "name": "Benjamin Eberlei",
                    "email": "kontakt@beberlei.de"
                },
                {
                    "name": "Guilherme Blanco",
                    "email": "guilhermeblanco@gmail.com"
                },
                {
                    "name": "Jonathan Wage",
                    "email": "jonwage@gmail.com"
                },
                {
                    "name": "Johannes Schmitt",
                    "email": "schmittjoh@gmail.com"
                }
            ],
            "description": "Caching library offering an object-oriented API for many cache backends",
            "homepage": "http://www.doctrine-project.org",
            "keywords": [
                "cache",
                "caching"
            ],
            "time": "2016-10-29T11:16:17+00:00"
        },
        {
            "name": "dzer/mll-framework",
            "version": "dev-master",
            "source": {
                "type": "git",
                "url": "https://github.com/dzer/mll-framework.git",
                "reference": "4b4fbae014ad7b48b3bf51781142eec7612a8b1d"
            },
            "dist": {
                "type": "zip",
                "url": "https://files.phpcomposer.com/files/dzer/mll-framework/4b4fbae014ad7b48b3bf51781142eec7612a8b1d.zip",
                "reference": "4b4fbae014ad7b48b3bf51781142eec7612a8b1d",
                "shasum": ""
            },
            "require": {
                "doctrine/cache": "~1.6",
                "php": ">=5.5.0"
            },
            "type": "mll-framework",
            "autoload": {
                "psr-4": {
                    "Mll\\": ""
                }
            },
            "notification-url": "https://packagist.org/downloads/",
            "license": [
                "MIT"
            ],
            "authors": [
                {
                    "name": "dzer",
                    "email": "d20053140@gmail.com",
                    "homepage": "https://dzer.me"
                }
            ],
            "description": "mll framework",
            "homepage": "http://www.meilele.com/",
            "keywords": [
                "framework",
                "mllphp"
            ],
            "time": "2017-06-18T12:31:10+00:00"
        }
    ],
    "packages-dev": [],
    "aliases": [],
    "minimum-stability": "stable",
    "stability-flags": {
        "dzer/mll-framework": 20
    },
    "prefer-stable": false,
    "prefer-lowest": false,
    "platform": {
        "php": ">=5.5.0"
    },
    "platform-dev": []
}
